
Microsoft Visual Studio Solution File, Format Version 12.00
# Visual Studio Version 17
VisualStudioVersion = 17.5.002.0
MinimumVisualStudioVersion = 10.0.40219.1
Project("{9A19103F-16F7-4668-BE54-9A1E7A4F7556}") = "SurvivorClone", "SurvivorClone.csproj", "{A5EA83B4-82D0-42D6-84A4-B607F9DC7D7C}"
EndProject
Global
	GlobalSection(SolutionConfigurationPlatforms) = preSolution
		Debug|Any CPU = Debug|Any CPU
		Release|Any CPU = Release|Any CPU
	EndGlobalSection
	GlobalSection(ProjectConfigurationPlatforms) = postSolution
		{A5EA83B4-82D0-42D6-84A4-B607F9DC7D7C}.Debug|Any CPU.ActiveCfg = Debug|Any CPU
		{A5EA83B4-82D0-42D6-84A4-B607F9DC7D7C}.Debug|Any CPU.Build.0 = Debug|Any CPU
		{A5EA83B4-82D0-42D6-84A4-B607F9DC7D7C}.Release|Any CPU.ActiveCfg = Release|Any CPU
		{A5EA83B4-82D0-42D6-84A4-B607F9DC7D7C}.Release|Any CPU.Build.0 = Release|Any CPU
	EndGlobalSection
	GlobalSection(SolutionProperties) = preSolution
		HideSolutionNode = FALSE
	EndGlobalSection
	GlobalSection(ExtensibilityGlobals) = postSolution
		SolutionGuid = {4F888FFD-AE8D-401F-9AC2-3B3D046CD8AC}
	EndGlobalSection
EndGlobal
